
Microsoft Visual Studio Solution File, Format Version 12.00
# Visual Studio Version 17
VisualStudioVersion = 17.7.34031.279
MinimumVisualStudioVersion = 10.0.40219.1
Project("{9A19103F-16F7-4668-BE54-9A1E7A4F7556}") = "RazorPizza", "RazorPizza\RazorPizza.csproj", "{9BFB6625-B365-4A19-B61C-70089901953C}"
EndProject
Global
	GlobalSection(SolutionConfigurationPlatforms) = preSolution
		Debug|Any CPU = Debug|Any CPU
		Release|Any CPU = Release|Any CPU
	EndGlobalSection
	GlobalSection(ProjectConfigurationPlatforms) = postSolution
		{9BFB6625-B365-4A19-B61C-70089901953C}.Debug|Any CPU.ActiveCfg = Debug|Any CPU
		{9BFB6625-B365-4A19-B61C-70089901953C}.Debug|Any CPU.Build.0 = Debug|Any CPU
		{9BFB6625-B365-4A19-B61C-70089901953C}.Release|Any CPU.ActiveCfg = Release|Any CPU
		{9BFB6625-B365-4A19-B61C-70089901953C}.Release|Any CPU.Build.0 = Release|Any CPU
	EndGlobalSection
	GlobalSection(SolutionProperties) = preSolution
		HideSolutionNode = FALSE
	EndGlobalSection
	GlobalSection(ExtensibilityGlobals) = postSolution
		SolutionGuid = {29ECF083-C7D9-4FA1-BC88-0BD25DF99A05}
	EndGlobalSection
EndGlobal
